// !$*UTF8*$!
{
	archiveVersion = 1;
	classes = {
	};
	objectVersion = 46;
	objects = {

/* Begin PBXBuildFile section */
		0793900474F84E1BC964F1AC /* Pods_SwiftPods.framework in Frameworks */ = {isa = PBXBuildFile; fileRef = 3951731A2F47DFA6DFDEA103 /* Pods_SwiftPods.framework */; };
		882E27181DED21E1003A1E32 /* AppDelegate.swift in Sources */ = {isa = PBXBuildFile; fileRef = 882E27171DED21E1003A1E32 /* AppDelegate.swift */; };
		882E271A1DED21E1003A1E32 /* ViewController.swift in Sources */ = {isa = PBXBuildFile; fileRef = 882E27191DED21E1003A1E32 /* ViewController.swift */; };
		882E271D1DED21E1003A1E32 /* Main.storyboard in Resources */ = {isa = PBXBuildFile; fileRef = 882E271B1DED21E1003A1E32 /* Main.storyboard */; };
		882E271F1DED21E1003A1E32 /* Assets.xcassets in Resources */ = {isa = PBXBuildFile; fileRef = 882E271E1DED21E1003A1E32 /* Assets.xcassets */; };
		882E27221DED21E1003A1E32 /* LaunchScreen.storyboard in Resources */ = {isa = PBXBuildFile; fileRef = 882E27201DED21E1003A1E32 /* LaunchScreen.storyboard */; };
/* End PBXBuildFile section */

/* Begin PBXFileReference section */
		3951731A2F47DFA6DFDEA103 /* Pods_SwiftPods.framework */ = {isa = PBXFileReference; explicitFileType = wrapper.framework; includeInIndex = 0; path = Pods_SwiftPods.framework; sourceTree = BUILT_PRODUCTS_DIR; };
		882E27141DED21E1003A1E32 /* SwiftPods.app */ = {isa = PBXFileReference; explicitFileType = wrapper.application; includeInIndex = 0; path = SwiftPods.app; sourceTree = BUILT_PRODUCTS_DIR; };
		882E27171DED21E1003A1E32 /* AppDelegate.swift */ = {isa = PBXFileReference; lastKnownFileType = sourcecode.swift; path = AppDelegate.swift; sourceTree = "<group>"; };
		882E27191DED21E1003A1E32 /* ViewController.swift */ = {isa = PBXFileReference; lastKnownFileType = sourcecode.swift; path = ViewController.swift; sourceTree = "<group>"; };
		882E271C1DED21E1003A1E32 /* Base */ = {isa = PBXFileReference; lastKnownFileType = file.storyboard; name = Base; path = Base.lproj/Main.storyboard; sourceTree = "<group>"; };
		882E271E1DED21E1003A1E32 /* Assets.xcassets */ = {isa = PBXFileReference; lastKnownFileType = folder.assetcatalog; path = Assets.xcassets; sourceTree = "<group>"; };
		882E27211DED21E1003A1E32 /* Base */ = {isa = PBXFileReference; lastKnownFileType = file.storyboard; name = Base; path = Base.lproj/LaunchScreen.storyboard; sourceTree = "<group>"; };
		882E27231DED21E1003A1E32 /* Info.plist */ = {isa = PBXFileReference; lastKnownFileType = text.plist.xml; path = Info.plist; sourceTree = "<group>"; };
		882E27291DED27BC003A1E32 /* Objective-C.h */ = {isa = PBXFileReference; fileEncoding = 4; lastKnownFileType = sourcecode.c.h; path = "Objective-C.h"; sourceTree = "<group>"; };
		C4117CF24DE6B905FB99FB07 /* Pods-SwiftPods.release.xcconfig */ = {isa = PBXFileReference; includeInIndex = 1; lastKnownFileType = text.xcconfig; name = "Pods-SwiftPods.release.xcconfig"; path = "Pods/Target Support Files/Pods-SwiftPods/Pods-SwiftPods.release.xcconfig"; sourceTree = "<group>"; };
		EB55885D88D820F0055473AD /* Pods-SwiftPods.debug.xcconfig */ = {isa = PBXFileReference; includeInIndex = 1; lastKnownFileType = text.xcconfig; name = "Pods-SwiftPods.debug.xcconfig"; path = "Pods/Target Support Files/Pods-SwiftPods/Pods-SwiftPods.debug.xcconfig"; sourceTree = "<group>"; };
/* End PBXFileReference section */

/* Begin PBXFrameworksBuildPhase section */
		882E27111DED21E1003A1E32 /* Frameworks */ = {
			isa = PBXFrameworksBuildPhase;
			buildActionMask = 2147483647;
			files = (
				0793900474F84E1BC964F1AC /* Pods_SwiftPods.framework in Frameworks */,
			);
			runOnlyForDeploymentPostprocessing = 0;
		};
/* End PBXFrameworksBuildPhase section */

/* Begin PBXGroup section */
		5EDA4F3D1EE288A002D96D8E /* Frameworks */ = {
			isa = PBXGroup;
			children = (
				3951731A2F47DFA6DFDEA103 /* Pods_SwiftPods.framework */,
			);
			name = Frameworks;
			sourceTree = "<group>";
		};
		882E270B1DED21E0003A1E32 = {
			isa = PBXGroup;
			children = (
				882E27161DED21E1003A1E32 /* SwiftPods */,
				882E27151DED21E1003A1E32 /* Products */,
				BFF1B56D30D0AF51AD16A92C /* Pods */,
				5EDA4F3D1EE288A002D96D8E /* Frameworks */,
			);
			sourceTree = "<group>";
		};
		882E27151DED21E1003A1E32 /* Products */ = {
			isa = PBXGroup;
			children = (
				882E27141DED21E1003A1E32 /* SwiftPods.app */,
			);
			name = Products;
			sourceTree = "<group>";
		};
		882E27161DED21E1003A1E32 /* SwiftPods */ = {
			isa = PBXGroup;
			children = (
				882E27171DED21E1003A1E32 /* AppDelegate.swift */,
				882E27191DED21E1003A1E32 /* ViewController.swift */,
				882E271B1DED21E1003A1E32 /* Main.storyboard */,
				882E271E1DED21E1003A1E32 /* Assets.xcassets */,
				882E27201DED21E1003A1E32 /* LaunchScreen.storyboard */,
				882E27231DED21E1003A1E32 /* Info.plist */,
				882E27291DED27BC003A1E32 /* Objective-C.h */,
			);
			path = SwiftPods;
			sourceTree = "<group>";
		};
		BFF1B56D30D0AF51AD16A92C /* Pods */ = {
			isa = PBXGroup;
			children = (
				EB55885D88D820F0055473AD /* Pods-SwiftPods.debug.xcconfig */,
				C4117CF24DE6B905FB99FB07 /* Pods-SwiftPods.release.xcconfig */,
			);
			name = Pods;
			sourceTree = "<group>";
		};
/* End PBXGroup section */

/* Begin PBXNativeTarget section */
		882E27131DED21E1003A1E32 /* SwiftPods */ = {
			isa = PBXNativeTarget;
			buildConfigurationList = 882E27261DED21E1003A1E32 /* Build configuration list for PBXNativeTarget "SwiftPods" */;
			buildPhases = (
				FC416BD5CC25AAB35AFB72F4 /* [CP] Check Pods Manifest.lock */,
				882E27101DED21E1003A1E32 /* Sources */,
				882E27111DED21E1003A1E32 /* Frameworks */,
				882E27121DED21E1003A1E32 /* Resources */,
				FC4F28FA0A7CE4B5619A150B /* [CP] Embed Pods Frameworks */,
				1A47FF2D1AE76AA4B3DF595A /* [CP] Copy Pods Resources */,
			);
			buildRules = (
			);
			dependencies = (
			);
			name = SwiftPods;
			productName = SwiftPods;
			productReference = 882E27141DED21E1003A1E32 /* SwiftPods.app */;
			productType = "com.apple.product-type.application";
		};
/* End PBXNativeTarget section */

/* Begin PBXProject section */
		882E270C1DED21E0003A1E32 /* Project object */ = {
			isa = PBXProject;
			attributes = {
				LastSwiftUpdateCheck = 0810;
				LastUpgradeCheck = 0810;
				ORGANIZATIONNAME = mlibai;
				TargetAttributes = {
					882E27131DED21E1003A1E32 = {
						CreatedOnToolsVersion = 8.1;
						ProvisioningStyle = Automatic;
					};
				};
			};
			buildConfigurationList = 882E270F1DED21E1003A1E32 /* Build configuration list for PBXProject "SwiftPods" */;
			compatibilityVersion = "Xcode 3.2";
			developmentRegion = English;
			hasScannedForEncodings = 0;
			knownRegions = (
				en,
				Base,
			);
			mainGroup = 882E270B1DED21E0003A1E32;
			productRefGroup = 882E27151DED21E1003A1E32 /* Products */;
			projectDirPath = "";
			projectRoot = "";
			targets = (
				882E27131DED21E1003A1E32 /* SwiftPods */,
			);
		};
/* End PBXProject section */

/* Begin PBXResourcesBuildPhase section */
		882E27121DED21E1003A1E32 /* Resources */ = {
			isa = PBXResourcesBuildPhase;
			buildActionMask = 2147483647;
			files = (
				882E27221DED21E1003A1E32 /* LaunchScreen.storyboard in Resources */,
				882E271F1DED21E1003A1E32 /* Assets.xcassets in Resources */,
				882E271D1DED21E1003A1E32 /* Main.storyboard in Resources */,
			);
			runOnlyForDeploymentPostprocessing = 0;
		};
/* End PBXResourcesBuildPhase section */

/* Begin PBXShellScriptBuildPhase section */
		1A47FF2D1AE76AA4B3DF595A /* [CP] Copy Pods Resources */ = {
			isa = PBXShellScriptBuildPhase;
			buildActionMask = 2147483647;
			files = (
			);
			inputPaths = (
			);
			name = "[CP] Copy Pods Resources";
			outputPaths = (
			);
			runOnlyForDeploymentPostprocessing = 0;
			shellPath = /bin/sh;
			shellScript = "\"${SRCROOT}/Pods/Target Support Files/Pods-SwiftPods/Pods-SwiftPods-resources.sh\"\n";
			showEnvVarsInLog = 0;
		};
		FC416BD5CC25AAB35AFB72F4 /* [CP] Check Pods Manifest.lock */ = {
			isa = PBXShellScriptBuildPhase;
			buildActionMask = 2147483647;
			files = (
			);
			inputPaths = (
			);
			name = "[CP] Check Pods Manifest.lock";
			outputPaths = (
			);
			runOnlyForDeploymentPostprocessing = 0;
			shellPath = /bin/sh;
			shellScript = "diff \"${PODS_ROOT}/../Podfile.lock\" \"${PODS_ROOT}/Manifest.lock\" > /dev/null\nif [ $? != 0 ] ; then\n    # print error to STDERR\n    echo \"error: The sandbox is not in sync with the Podfile.lock. Run 'pod install' or update your CocoaPods installation.\" >&2\n    exit 1\nfi\n";
			showEnvVarsInLog = 0;
		};
		FC4F28FA0A7CE4B5619A150B /* [CP] Embed Pods Frameworks */ = {
			isa = PBXShellScriptBuildPhase;
			buildActionMask = 2147483647;
			files = (
			);
			inputPaths = (
			);
			name = "[CP] Embed Pods Frameworks";
			outputPaths = (
			);
			runOnlyForDeploymentPostprocessing = 0;
			shellPath = /bin/sh;
			shellScript = "\"${SRCROOT}/Pods/Target Support Files/Pods-SwiftPods/Pods-SwiftPods-frameworks.sh\"\n";
			showEnvVarsInLog = 0;
		};
/* End PBXShellScriptBuildPhase section */

/* Begin PBXSourcesBuildPhase section */
		882E27101DED21E1003A1E32 /* Sources */ = {
			isa = PBXSourcesBuildPhase;
			buildActionMask = 2147483647;
			files = (
				882E271A1DED21E1003A1E32 /* ViewController.swift in Sources */,
				882E27181DED21E1003A1E32 /* AppDelegate.swift in Sources */,
			);
			runOnlyForDeploymentPostprocessing = 0;
		};
/* End PBXSourcesBuildPhase section */

/* Begin PBXVariantGroup section */
		882E271B1DED21E1003A1E32 /* Main.storyboard */ = {
			isa = PBXVariantGroup;
			children = (
				882E271C1DED21E1003A1E32 /* Base */,
			);
			name = Main.storyboard;
			sourceTree = "<group>";
		};
		882E27201DED21E1003A1E32 /* LaunchScreen.storyboard */ = {
			isa = PBXVariantGroup;
			children = (
				882E27211DED21E1003A1E32 /* Base */,
			);
			name = LaunchScreen.storyboard;
			sourceTree = "<group>";
		};
/* End PBXVariantGroup section */

/* Begin XCBuildConfiguration section */
		882E27241DED21E1003A1E32 /* Debug */ = {
			isa = XCBuildConfiguration;
			buildSettings = {
				ALWAYS_SEARCH_USER_PATHS = NO;
				CLANG_ANALYZER_NONNULL = YES;
				CLANG_CXX_LANGUAGE_STANDARD = "gnu++0x";
				CLANG_CXX_LIBRARY = "libc++";
				CLANG_ENABLE_MODULES = YES;
				CLANG_ENABLE_OBJC_ARC = YES;
				CLANG_WARN_BOOL_CONVERSION = YES;
				CLANG_WARN_CONSTANT_CONVERSION = YES;
				CLANG_WARN_DIRECT_OBJC_ISA_USAGE = YES_ERROR;
				CLANG_WARN_DOCUMENTATION_COMMENTS = YES;
				CLANG_WARN_EMPTY_BODY = YES;
				CLANG_WARN_ENUM_CONVERSION = YES;
				CLANG_WARN_INFINITE_RECURSION = YES;
				CLANG_WARN_INT_CONVERSION = YES;
				CLANG_WARN_OBJC_ROOT_CLASS = YES_ERROR;
				CLANG_WARN_SUSPICIOUS_MOVES = YES;
				CLANG_WARN_UNREACHABLE_CODE = YES;
				CLANG_WARN__DUPLICATE_METHOD_MATCH = YES;
				"CODE_SIGN_IDENTITY[sdk=iphoneos*]" = "iPhone Developer";
				COPY_PHASE_STRIP = NO;
				DEBUG_INFORMATION_FORMAT = dwarf;
				ENABLE_STRICT_OBJC_MSGSEND = YES;
				ENABLE_TESTABILITY = YES;
				GCC_C_LANGUAGE_STANDARD = gnu99;
				GCC_DYNAMIC_NO_PIC = NO;
				GCC_NO_COMMON_BLOCKS = YES;
				GCC_OPTIMIZATION_LEVEL = 0;
				GCC_PREPROCESSOR_DEFINITIONS = (
					"DEBUG=1",
					"$(inherited)",
				);
				GCC_WARN_64_TO_32_BIT_CONVERSION = YES;
				GCC_WARN_ABOUT_RETURN_TYPE = YES_ERROR;
				GCC_WARN_UNDECLARED_SELECTOR = YES;
				GCC_WARN_UNINITIALIZED_AUTOS = YES_AGGRESSIVE;
				GCC_WARN_UNUSED_FUNCTION = YES;
				GCC_WARN_UNUSED_VARIABLE = YES;
				IPHONEOS_DEPLOYMENT_TARGET = 10.1;
				MTL_ENABLE_DEBUG_INFO = YES;
				ONLY_ACTIVE_ARCH = YES;
				SDKROOT = iphoneos;
				SWIFT_ACTIVE_COMPILATION_CONDITIONS = DEBUG;
				SWIFT_OPTIMIZATION_LEVEL = "-Onone";
			};
			name = Debug;
		};
		882E27251DED21E1003A1E32 /* Release */ = {
			isa = XCBuildConfiguration;
			buildSettings = {
				ALWAYS_SEARCH_USER_PATHS = NO;
				CLANG_ANALYZER_NONNULL = YES;
				CLANG_CXX_LANGUAGE_STANDARD = "gnu++0x";
				CLANG_CXX_LIBRARY = "libc++";
				CLANG_ENABLE_MODULES = YES;
				CLANG_ENABLE_OBJC_ARC = YES;
				CLANG_WARN_BOOL_CONVERSION = YES;
				CLANG_WARN_CONSTANT_CONVERSION = YES;
				CLANG_WARN_DIRECT_OBJC_ISA_USAGE = YES_ERROR;
				CLANG_WARN_DOCUMENTATION_COMMENTS = YES;
				CLANG_WARN_EMPTY_BODY = YES;
				CLANG_WARN_ENUM_CONVERSION = YES;
				CLANG_WARN_INFINITE_RECURSION = YES;
				CLANG_WARN_INT_CONVERSION = YES;
				CLANG_WARN_OBJC_ROOT_CLASS = YES_ERROR;
				CLANG_WARN_SUSPICIOUS_MOVES = YES;
				CLANG_WARN_UNREACHABLE_CODE = YES;
				CLANG_WARN__DUPLICATE_METHOD_MATCH = YES;
				"CODE_SIGN_IDENTITY[sdk=iphoneos*]" = "iPhone Developer";
				COPY_PHASE_STRIP = NO;
				DEBUG_INFORMATION_FORMAT = "dwarf-with-dsym";
				ENABLE_NS_ASSERTIONS = NO;
				ENABLE_STRICT_OBJC_MSGSEND = YES;
				GCC_C_LANGUAGE_STANDARD = gnu99;
				GCC_NO_COMMON_BLOCKS = YES;
				GCC_WARN_64_TO_32_BIT_CONVERSION = YES;
				GCC_WARN_ABOUT_RETURN_TYPE = YES_ERROR;
				GCC_WARN_UNDECLARED_SELECTOR = YES;
				GCC_WARN_UNINITIALIZED_AUTOS = YES_AGGRESSIVE;
				GCC_WARN_UNUSED_FUNCTION = YES;
				GCC_WARN_UNUSED_VARIABLE = YES;
				IPHONEOS_DEPLOYMENT_TARGET = 10.1;
				MTL_ENABLE_DEBUG_INFO = NO;
				SDKROOT = iphoneos;
				SWIFT_OPTIMIZATION_LEVEL = "-Owholemodule";
				VALIDATE_PRODUCT = YES;
			};
			name = Release;
		};
		882E27271DED21E1003A1E32 /* Debug */ = {
			isa = XCBuildConfiguration;
			baseConfigurationReference = EB55885D88D820F0055473AD /* Pods-SwiftPods.debug.xcconfig */;
			buildSettings = {
				ASSETCATALOG_COMPILER_APPICON_NAME = AppIcon;
				INFOPLIST_FILE = SwiftPods/Info.plist;
				LD_RUNPATH_SEARCH_PATHS = "$(inherited) @executable_path/Frameworks";
				PRODUCT_BUNDLE_IDENTIFIER = com.mlibai.SwiftPods;
				PRODUCT_NAME = "$(TARGET_NAME)";
				SWIFT_VERSION = 3.0;
			};
			name = Debug;
		};
		882E27281DED21E1003A1E32 /* Release */ = {
			isa = XCBuildConfiguration;
			baseConfigurationReference = C4117CF24DE6B905FB99FB07 /* Pods-SwiftPods.release.xcconfig */;
			buildSettings = {
				ASSETCATALOG_COMPILER_APPICON_NAME = AppIcon;
				INFOPLIST_FILE = SwiftPods/Info.plist;
				LD_RUNPATH_SEARCH_PATHS = "$(inherited) @executable_path/Frameworks";
				PRODUCT_BUNDLE_IDENTIFIER = com.mlibai.SwiftPods;
				PRODUCT_NAME = "$(TARGET_NAME)";
				SWIFT_VERSION = 3.0;
			};
			name = Release;
		};
/* End XCBuildConfiguration section */

/* Begin XCConfigurationList section */
		882E270F1DED21E1003A1E32 /* Build configuration list for PBXProject "SwiftPods" */ = {
			isa = XCConfigurationList;
			buildConfigurations = (
				882E27241DED21E1003A1E32 /* Debug */,
				882E27251DED21E1003A1E32 /* Release */,
			);
			defaultConfigurationIsVisible = 0;
			defaultConfigurationName = Release;
		};
		882E27261DED21E1003A1E32 /* Build configuration list for PBXNativeTarget "SwiftPods" */ = {
			isa = XCConfigurationList;
			buildConfigurations = (
				882E27271DED21E1003A1E32 /* Debug */,
				882E27281DED21E1003A1E32 /* Release */,
			);
			defaultConfigurationIsVisible = 0;
			defaultConfigurationName = Release;
		};
/* End XCConfigurationList section */
	};
	rootObject = 882E270C1DED21E0003A1E32 /* Project object */;
}
