// !$*UTF8*$!
{
	archiveVersion = 1;
	classes = {
	};
	objectVersion = 46;
	objects = {

/* Begin PBXBuildFile section */
		883F98951DE526E10028B43A /* main.m in Sources */ = {isa = PBXBuildFile; fileRef = 883F98941DE526E10028B43A /* main.m */; };
		883F98981DE526E10028B43A /* AppDelegate.m in Sources */ = {isa = PBXBuildFile; fileRef = 883F98971DE526E10028B43A /* AppDelegate.m */; };
		883F989B1DE526E10028B43A /* ViewController.m in Sources */ = {isa = PBXBuildFile; fileRef = 883F989A1DE526E10028B43A /* ViewController.m */; };
		883F989E1DE526E10028B43A /* Main.storyboard in Resources */ = {isa = PBXBuildFile; fileRef = 883F989C1DE526E10028B43A /* Main.storyboard */; };
		883F98A01DE526E10028B43A /* Assets.xcassets in Resources */ = {isa = PBXBuildFile; fileRef = 883F989F1DE526E10028B43A /* Assets.xcassets */; };
		883F98A31DE526E10028B43A /* LaunchScreen.storyboard in Resources */ = {isa = PBXBuildFile; fileRef = 883F98A11DE526E10028B43A /* LaunchScreen.storyboard */; };
		883F98C51DE527970028B43A /* XZMenuView.m in Sources */ = {isa = PBXBuildFile; fileRef = 883F98C21DE527970028B43A /* XZMenuView.m */; };
		883F98C61DE527970028B43A /* XZTextMenuItemView.m in Sources */ = {isa = PBXBuildFile; fileRef = 883F98C41DE527970028B43A /* XZTextMenuItemView.m */; };
		883F98C91DE534D90028B43A /* ContentViewController.m in Sources */ = {isa = PBXBuildFile; fileRef = 883F98C81DE534D90028B43A /* ContentViewController.m */; };
		883F98CC1DE539DD0028B43A /* MenuItemView.m in Sources */ = {isa = PBXBuildFile; fileRef = 883F98CB1DE539DD0028B43A /* MenuItemView.m */; };
		883F98CF1DE54B850028B43A /* TestViewController.m in Sources */ = {isa = PBXBuildFile; fileRef = 883F98CE1DE54B850028B43A /* TestViewController.m */; };
/* End PBXBuildFile section */

/* Begin PBXFileReference section */
		883F98901DE526E10028B43A /* XZMenuView.app */ = {isa = PBXFileReference; explicitFileType = wrapper.application; includeInIndex = 0; path = XZMenuView.app; sourceTree = BUILT_PRODUCTS_DIR; };
		883F98941DE526E10028B43A /* main.m */ = {isa = PBXFileReference; lastKnownFileType = sourcecode.c.objc; path = main.m; sourceTree = "<group>"; };
		883F98961DE526E10028B43A /* AppDelegate.h */ = {isa = PBXFileReference; lastKnownFileType = sourcecode.c.h; path = AppDelegate.h; sourceTree = "<group>"; };
		883F98971DE526E10028B43A /* AppDelegate.m */ = {isa = PBXFileReference; lastKnownFileType = sourcecode.c.objc; path = AppDelegate.m; sourceTree = "<group>"; };
		883F98991DE526E10028B43A /* ViewController.h */ = {isa = PBXFileReference; lastKnownFileType = sourcecode.c.h; path = ViewController.h; sourceTree = "<group>"; };
		883F989A1DE526E10028B43A /* ViewController.m */ = {isa = PBXFileReference; lastKnownFileType = sourcecode.c.objc; path = ViewController.m; sourceTree = "<group>"; };
		883F989D1DE526E10028B43A /* Base */ = {isa = PBXFileReference; lastKnownFileType = file.storyboard; name = Base; path = Base.lproj/Main.storyboard; sourceTree = "<group>"; };
		883F989F1DE526E10028B43A /* Assets.xcassets */ = {isa = PBXFileReference; lastKnownFileType = folder.assetcatalog; path = Assets.xcassets; sourceTree = "<group>"; };
		883F98A21DE526E10028B43A /* Base */ = {isa = PBXFileReference; lastKnownFileType = file.storyboard; name = Base; path = Base.lproj/LaunchScreen.storyboard; sourceTree = "<group>"; };
		883F98A41DE526E10028B43A /* Info.plist */ = {isa = PBXFileReference; lastKnownFileType = text.plist.xml; path = Info.plist; sourceTree = "<group>"; };
		883F98C11DE527970028B43A /* XZMenuView.h */ = {isa = PBXFileReference; fileEncoding = 4; lastKnownFileType = sourcecode.c.h; path = XZMenuView.h; sourceTree = "<group>"; };
		883F98C21DE527970028B43A /* XZMenuView.m */ = {isa = PBXFileReference; fileEncoding = 4; lastKnownFileType = sourcecode.c.objc; path = XZMenuView.m; sourceTree = "<group>"; };
		883F98C31DE527970028B43A /* XZTextMenuItemView.h */ = {isa = PBXFileReference; fileEncoding = 4; lastKnownFileType = sourcecode.c.h; path = XZTextMenuItemView.h; sourceTree = "<group>"; };
		883F98C41DE527970028B43A /* XZTextMenuItemView.m */ = {isa = PBXFileReference; fileEncoding = 4; lastKnownFileType = sourcecode.c.objc; path = XZTextMenuItemView.m; sourceTree = "<group>"; };
		883F98C71DE534D90028B43A /* ContentViewController.h */ = {isa = PBXFileReference; fileEncoding = 4; lastKnownFileType = sourcecode.c.h; path = ContentViewController.h; sourceTree = "<group>"; };
		883F98C81DE534D90028B43A /* ContentViewController.m */ = {isa = PBXFileReference; fileEncoding = 4; lastKnownFileType = sourcecode.c.objc; path = ContentViewController.m; sourceTree = "<group>"; };
		883F98CA1DE539DD0028B43A /* MenuItemView.h */ = {isa = PBXFileReference; fileEncoding = 4; lastKnownFileType = sourcecode.c.h; path = MenuItemView.h; sourceTree = "<group>"; };
		883F98CB1DE539DD0028B43A /* MenuItemView.m */ = {isa = PBXFileReference; fileEncoding = 4; lastKnownFileType = sourcecode.c.objc; path = MenuItemView.m; sourceTree = "<group>"; };
		883F98CD1DE54B850028B43A /* TestViewController.h */ = {isa = PBXFileReference; fileEncoding = 4; lastKnownFileType = sourcecode.c.h; path = TestViewController.h; sourceTree = "<group>"; };
		883F98CE1DE54B850028B43A /* TestViewController.m */ = {isa = PBXFileReference; fileEncoding = 4; lastKnownFileType = sourcecode.c.objc; path = TestViewController.m; sourceTree = "<group>"; };
/* End PBXFileReference section */

/* Begin PBXFrameworksBuildPhase section */
		883F988D1DE526E10028B43A /* Frameworks */ = {
			isa = PBXFrameworksBuildPhase;
			buildActionMask = 2147483647;
			files = (
			);
			runOnlyForDeploymentPostprocessing = 0;
		};
/* End PBXFrameworksBuildPhase section */

/* Begin PBXGroup section */
		883F98871DE526E10028B43A = {
			isa = PBXGroup;
			children = (
				883F98921DE526E10028B43A /* XZMenuView */,
				883F98911DE526E10028B43A /* Products */,
			);
			sourceTree = "<group>";
		};
		883F98911DE526E10028B43A /* Products */ = {
			isa = PBXGroup;
			children = (
				883F98901DE526E10028B43A /* XZMenuView.app */,
			);
			name = Products;
			sourceTree = "<group>";
		};
		883F98921DE526E10028B43A /* XZMenuView */ = {
			isa = PBXGroup;
			children = (
				883F98C01DE527970028B43A /* XZMenuView */,
				883F98961DE526E10028B43A /* AppDelegate.h */,
				883F98971DE526E10028B43A /* AppDelegate.m */,
				883F98991DE526E10028B43A /* ViewController.h */,
				883F989A1DE526E10028B43A /* ViewController.m */,
				883F98C71DE534D90028B43A /* ContentViewController.h */,
				883F98C81DE534D90028B43A /* ContentViewController.m */,
				883F98CA1DE539DD0028B43A /* MenuItemView.h */,
				883F98CB1DE539DD0028B43A /* MenuItemView.m */,
				883F98CD1DE54B850028B43A /* TestViewController.h */,
				883F98CE1DE54B850028B43A /* TestViewController.m */,
				883F989C1DE526E10028B43A /* Main.storyboard */,
				883F989F1DE526E10028B43A /* Assets.xcassets */,
				883F98A11DE526E10028B43A /* LaunchScreen.storyboard */,
				883F98A41DE526E10028B43A /* Info.plist */,
				883F98931DE526E10028B43A /* Supporting Files */,
			);
			path = XZMenuView;
			sourceTree = "<group>";
		};
		883F98931DE526E10028B43A /* Supporting Files */ = {
			isa = PBXGroup;
			children = (
				883F98941DE526E10028B43A /* main.m */,
			);
			name = "Supporting Files";
			sourceTree = "<group>";
		};
		883F98C01DE527970028B43A /* XZMenuView */ = {
			isa = PBXGroup;
			children = (
				883F98C11DE527970028B43A /* XZMenuView.h */,
				883F98C21DE527970028B43A /* XZMenuView.m */,
				883F98C31DE527970028B43A /* XZTextMenuItemView.h */,
				883F98C41DE527970028B43A /* XZTextMenuItemView.m */,
			);
			name = XZMenuView;
			path = ../../XZMenuView;
			sourceTree = "<group>";
		};
/* End PBXGroup section */

/* Begin PBXNativeTarget section */
		883F988F1DE526E10028B43A /* XZMenuView */ = {
			isa = PBXNativeTarget;
			buildConfigurationList = 883F98A71DE526E10028B43A /* Build configuration list for PBXNativeTarget "XZMenuView" */;
			buildPhases = (
				883F988C1DE526E10028B43A /* Sources */,
				883F988D1DE526E10028B43A /* Frameworks */,
				883F988E1DE526E10028B43A /* Resources */,
			);
			buildRules = (
			);
			dependencies = (
			);
			name = XZMenuView;
			productName = XZMenuView;
			productReference = 883F98901DE526E10028B43A /* XZMenuView.app */;
			productType = "com.apple.product-type.application";
		};
/* End PBXNativeTarget section */

/* Begin PBXProject section */
		883F98881DE526E10028B43A /* Project object */ = {
			isa = PBXProject;
			attributes = {
				LastUpgradeCheck = 0810;
				ORGANIZATIONNAME = mlibai;
				TargetAttributes = {
					883F988F1DE526E10028B43A = {
						CreatedOnToolsVersion = 8.1;
						ProvisioningStyle = Manual;
					};
				};
			};
			buildConfigurationList = 883F988B1DE526E10028B43A /* Build configuration list for PBXProject "XZMenuView" */;
			compatibilityVersion = "Xcode 3.2";
			developmentRegion = English;
			hasScannedForEncodings = 0;
			knownRegions = (
				en,
				Base,
			);
			mainGroup = 883F98871DE526E10028B43A;
			productRefGroup = 883F98911DE526E10028B43A /* Products */;
			projectDirPath = "";
			projectRoot = "";
			targets = (
				883F988F1DE526E10028B43A /* XZMenuView */,
			);
		};
/* End PBXProject section */

/* Begin PBXResourcesBuildPhase section */
		883F988E1DE526E10028B43A /* Resources */ = {
			isa = PBXResourcesBuildPhase;
			buildActionMask = 2147483647;
			files = (
				883F98A31DE526E10028B43A /* LaunchScreen.storyboard in Resources */,
				883F98A01DE526E10028B43A /* Assets.xcassets in Resources */,
				883F989E1DE526E10028B43A /* Main.storyboard in Resources */,
			);
			runOnlyForDeploymentPostprocessing = 0;
		};
/* End PBXResourcesBuildPhase section */

/* Begin PBXSourcesBuildPhase section */
		883F988C1DE526E10028B43A /* Sources */ = {
			isa = PBXSourcesBuildPhase;
			buildActionMask = 2147483647;
			files = (
				883F989B1DE526E10028B43A /* ViewController.m in Sources */,
				883F98C61DE527970028B43A /* XZTextMenuItemView.m in Sources */,
				883F98CC1DE539DD0028B43A /* MenuItemView.m in Sources */,
				883F98C91DE534D90028B43A /* ContentViewController.m in Sources */,
				883F98981DE526E10028B43A /* AppDelegate.m in Sources */,
				883F98C51DE527970028B43A /* XZMenuView.m in Sources */,
				883F98CF1DE54B850028B43A /* TestViewController.m in Sources */,
				883F98951DE526E10028B43A /* main.m in Sources */,
			);
			runOnlyForDeploymentPostprocessing = 0;
		};
/* End PBXSourcesBuildPhase section */

/* Begin PBXVariantGroup section */
		883F989C1DE526E10028B43A /* Main.storyboard */ = {
			isa = PBXVariantGroup;
			children = (
				883F989D1DE526E10028B43A /* Base */,
			);
			name = Main.storyboard;
			sourceTree = "<group>";
		};
		883F98A11DE526E10028B43A /* LaunchScreen.storyboard */ = {
			isa = PBXVariantGroup;
			children = (
				883F98A21DE526E10028B43A /* Base */,
			);
			name = LaunchScreen.storyboard;
			sourceTree = "<group>";
		};
/* End PBXVariantGroup section */

/* Begin XCBuildConfiguration section */
		883F98A51DE526E10028B43A /* Debug */ = {
			isa = XCBuildConfiguration;
			buildSettings = {
				ALWAYS_SEARCH_USER_PATHS = NO;
				CLANG_ANALYZER_NONNULL = YES;
				CLANG_CXX_LANGUAGE_STANDARD = "gnu++0x";
				CLANG_CXX_LIBRARY = "libc++";
				CLANG_ENABLE_MODULES = YES;
				CLANG_ENABLE_OBJC_ARC = YES;
				CLANG_WARN_BOOL_CONVERSION = YES;
				CLANG_WARN_CONSTANT_CONVERSION = YES;
				CLANG_WARN_DIRECT_OBJC_ISA_USAGE = YES_ERROR;
				CLANG_WARN_DOCUMENTATION_COMMENTS = YES;
				CLANG_WARN_EMPTY_BODY = YES;
				CLANG_WARN_ENUM_CONVERSION = YES;
				CLANG_WARN_INFINITE_RECURSION = YES;
				CLANG_WARN_INT_CONVERSION = YES;
				CLANG_WARN_OBJC_ROOT_CLASS = YES_ERROR;
				CLANG_WARN_SUSPICIOUS_MOVES = YES;
				CLANG_WARN_UNREACHABLE_CODE = YES;
				CLANG_WARN__DUPLICATE_METHOD_MATCH = YES;
				"CODE_SIGN_IDENTITY[sdk=iphoneos*]" = "iPhone Developer";
				COPY_PHASE_STRIP = NO;
				DEBUG_INFORMATION_FORMAT = dwarf;
				ENABLE_STRICT_OBJC_MSGSEND = YES;
				ENABLE_TESTABILITY = YES;
				GCC_C_LANGUAGE_STANDARD = gnu99;
				GCC_DYNAMIC_NO_PIC = NO;
				GCC_NO_COMMON_BLOCKS = YES;
				GCC_OPTIMIZATION_LEVEL = 0;
				GCC_PREPROCESSOR_DEFINITIONS = (
					"DEBUG=1",
					"$(inherited)",
				);
				GCC_WARN_64_TO_32_BIT_CONVERSION = YES;
				GCC_WARN_ABOUT_RETURN_TYPE = YES_ERROR;
				GCC_WARN_UNDECLARED_SELECTOR = YES;
				GCC_WARN_UNINITIALIZED_AUTOS = YES_AGGRESSIVE;
				GCC_WARN_UNUSED_FUNCTION = YES;
				GCC_WARN_UNUSED_VARIABLE = YES;
				IPHONEOS_DEPLOYMENT_TARGET = 8.0;
				MTL_ENABLE_DEBUG_INFO = YES;
				ONLY_ACTIVE_ARCH = YES;
				SDKROOT = iphoneos;
			};
			name = Debug;
		};
		883F98A61DE526E10028B43A /* Release */ = {
			isa = XCBuildConfiguration;
			buildSettings = {
				ALWAYS_SEARCH_USER_PATHS = NO;
				CLANG_ANALYZER_NONNULL = YES;
				CLANG_CXX_LANGUAGE_STANDARD = "gnu++0x";
				CLANG_CXX_LIBRARY = "libc++";
				CLANG_ENABLE_MODULES = YES;
				CLANG_ENABLE_OBJC_ARC = YES;
				CLANG_WARN_BOOL_CONVERSION = YES;
				CLANG_WARN_CONSTANT_CONVERSION = YES;
				CLANG_WARN_DIRECT_OBJC_ISA_USAGE = YES_ERROR;
				CLANG_WARN_DOCUMENTATION_COMMENTS = YES;
				CLANG_WARN_EMPTY_BODY = YES;
				CLANG_WARN_ENUM_CONVERSION = YES;
				CLANG_WARN_INFINITE_RECURSION = YES;
				CLANG_WARN_INT_CONVERSION = YES;
				CLANG_WARN_OBJC_ROOT_CLASS = YES_ERROR;
				CLANG_WARN_SUSPICIOUS_MOVES = YES;
				CLANG_WARN_UNREACHABLE_CODE = YES;
				CLANG_WARN__DUPLICATE_METHOD_MATCH = YES;
				"CODE_SIGN_IDENTITY[sdk=iphoneos*]" = "iPhone Developer";
				COPY_PHASE_STRIP = NO;
				DEBUG_INFORMATION_FORMAT = "dwarf-with-dsym";
				ENABLE_NS_ASSERTIONS = NO;
				ENABLE_STRICT_OBJC_MSGSEND = YES;
				GCC_C_LANGUAGE_STANDARD = gnu99;
				GCC_NO_COMMON_BLOCKS = YES;
				GCC_WARN_64_TO_32_BIT_CONVERSION = YES;
				GCC_WARN_ABOUT_RETURN_TYPE = YES_ERROR;
				GCC_WARN_UNDECLARED_SELECTOR = YES;
				GCC_WARN_UNINITIALIZED_AUTOS = YES_AGGRESSIVE;
				GCC_WARN_UNUSED_FUNCTION = YES;
				GCC_WARN_UNUSED_VARIABLE = YES;
				IPHONEOS_DEPLOYMENT_TARGET = 8.0;
				MTL_ENABLE_DEBUG_INFO = NO;
				SDKROOT = iphoneos;
				VALIDATE_PRODUCT = YES;
			};
			name = Release;
		};
		883F98A81DE526E10028B43A /* Debug */ = {
			isa = XCBuildConfiguration;
			buildSettings = {
				ASSETCATALOG_COMPILER_APPICON_NAME = AppIcon;
				DEVELOPMENT_TEAM = "";
				INFOPLIST_FILE = XZMenuView/Info.plist;
				LD_RUNPATH_SEARCH_PATHS = "$(inherited) @executable_path/Frameworks";
				PRODUCT_BUNDLE_IDENTIFIER = com.mlibai.XZMenuView;
				PRODUCT_NAME = "$(TARGET_NAME)";
			};
			name = Debug;
		};
		883F98A91DE526E10028B43A /* Release */ = {
			isa = XCBuildConfiguration;
			buildSettings = {
				ASSETCATALOG_COMPILER_APPICON_NAME = AppIcon;
				DEVELOPMENT_TEAM = "";
				INFOPLIST_FILE = XZMenuView/Info.plist;
				LD_RUNPATH_SEARCH_PATHS = "$(inherited) @executable_path/Frameworks";
				PRODUCT_BUNDLE_IDENTIFIER = com.mlibai.XZMenuView;
				PRODUCT_NAME = "$(TARGET_NAME)";
			};
			name = Release;
		};
/* End XCBuildConfiguration section */

/* Begin XCConfigurationList section */
		883F988B1DE526E10028B43A /* Build configuration list for PBXProject "XZMenuView" */ = {
			isa = XCConfigurationList;
			buildConfigurations = (
				883F98A51DE526E10028B43A /* Debug */,
				883F98A61DE526E10028B43A /* Release */,
			);
			defaultConfigurationIsVisible = 0;
			defaultConfigurationName = Release;
		};
		883F98A71DE526E10028B43A /* Build configuration list for PBXNativeTarget "XZMenuView" */ = {
			isa = XCConfigurationList;
			buildConfigurations = (
				883F98A81DE526E10028B43A /* Debug */,
				883F98A91DE526E10028B43A /* Release */,
			);
			defaultConfigurationIsVisible = 0;
			defaultConfigurationName = Release;
		};
/* End XCConfigurationList section */
	};
	rootObject = 883F98881DE526E10028B43A /* Project object */;
}
